
Microsoft Visual Studio Solution File, Format Version 12.00
# Visual Studio Version 17
VisualStudioVersion = 17.8.34511.84
MinimumVisualStudioVersion = 10.0.40219.1
Project("{FAE04EC0-301F-11D3-BF4B-00C04F79EFBC}") = "TS4HQConverter", "TS4HQConverter.csproj", "{443A494E-BB70-4247-B9DC-3785E02F863F}"
EndProject
Global
	GlobalSection(SolutionConfigurationPlatforms) = preSolution
		64bit|Any CPU = 64bit|Any CPU
		64bit|x64 = 64bit|x64
		64bit|x86 = 64bit|x86
		Debug|Any CPU = Debug|Any CPU
		Debug|x64 = Debug|x64
		Debug|x86 = Debug|x86
		Release|Any CPU = Release|Any CPU
		Release|x64 = Release|x64
		Release|x86 = Release|x86
	EndGlobalSection
	GlobalSection(ProjectConfigurationPlatforms) = postSolution
		{443A494E-BB70-4247-B9DC-3785E02F863F}.64bit|Any CPU.ActiveCfg = 64bit|Any CPU
		{443A494E-BB70-4247-B9DC-3785E02F863F}.64bit|Any CPU.Build.0 = 64bit|Any CPU
		{443A494E-BB70-4247-B9DC-3785E02F863F}.64bit|x64.ActiveCfg = 64bit|x64
		{443A494E-BB70-4247-B9DC-3785E02F863F}.64bit|x64.Build.0 = 64bit|x64
		{443A494E-BB70-4247-B9DC-3785E02F863F}.64bit|x86.ActiveCfg = 64bit|x86
		{443A494E-BB70-4247-B9DC-3785E02F863F}.64bit|x86.Build.0 = 64bit|x86
		{443A494E-BB70-4247-B9DC-3785E02F863F}.Debug|Any CPU.ActiveCfg = Debug|Any CPU
		{443A494E-BB70-4247-B9DC-3785E02F863F}.Debug|Any CPU.Build.0 = Debug|Any CPU
		{443A494E-BB70-4247-B9DC-3785E02F863F}.Debug|x64.ActiveCfg = Debug|x64
		{443A494E-BB70-4247-B9DC-3785E02F863F}.Debug|x64.Build.0 = Debug|x64
		{443A494E-BB70-4247-B9DC-3785E02F863F}.Debug|x86.ActiveCfg = Debug|x86
		{443A494E-BB70-4247-B9DC-3785E02F863F}.Debug|x86.Build.0 = Debug|x86
		{443A494E-BB70-4247-B9DC-3785E02F863F}.Release|Any CPU.ActiveCfg = Release|Any CPU
		{443A494E-BB70-4247-B9DC-3785E02F863F}.Release|Any CPU.Build.0 = Release|Any CPU
		{443A494E-BB70-4247-B9DC-3785E02F863F}.Release|x64.ActiveCfg = Release|x64
		{443A494E-BB70-4247-B9DC-3785E02F863F}.Release|x64.Build.0 = Release|x64
		{443A494E-BB70-4247-B9DC-3785E02F863F}.Release|x86.ActiveCfg = Release|x86
		{443A494E-BB70-4247-B9DC-3785E02F863F}.Release|x86.Build.0 = Release|x86
	EndGlobalSection
	GlobalSection(SolutionProperties) = preSolution
		HideSolutionNode = FALSE
	EndGlobalSection
	GlobalSection(ExtensibilityGlobals) = postSolution
		SolutionGuid = {6973E607-6AEB-4FBC-BAA5-B606E898A849}
	EndGlobalSection
EndGlobal
